
Microsoft Visual Studio Solution File, Format Version 12.00
# Visual Studio Version 17
VisualStudioVersion = 17.2.32630.192
MinimumVisualStudioVersion = 10.0.40219.1
Project("{FAE04EC0-301F-11D3-BF4B-00C04F79EFBC}") = "Hellogit1m", "Hellogit1m\Hellogit1m.csproj", "{965E623D-00C3-445D-8392-3B54186BBC68}"
EndProject
Global
	GlobalSection(SolutionConfigurationPlatforms) = preSolution
		Debug|Any CPU = Debug|Any CPU
		Release|Any CPU = Release|Any CPU
	EndGlobalSection
	GlobalSection(ProjectConfigurationPlatforms) = postSolution
		{965E623D-00C3-445D-8392-3B54186BBC68}.Debug|Any CPU.ActiveCfg = Debug|Any CPU
		{965E623D-00C3-445D-8392-3B54186BBC68}.Debug|Any CPU.Build.0 = Debug|Any CPU
		{965E623D-00C3-445D-8392-3B54186BBC68}.Release|Any CPU.ActiveCfg = Release|Any CPU
		{965E623D-00C3-445D-8392-3B54186BBC68}.Release|Any CPU.Build.0 = Release|Any CPU
	EndGlobalSection
	GlobalSection(SolutionProperties) = preSolution
		HideSolutionNode = FALSE
	EndGlobalSection
	GlobalSection(ExtensibilityGlobals) = postSolution
		SolutionGuid = {98F99BD4-1DF8-4C2C-AC3C-C8D7CD7B9454}
	EndGlobalSection
EndGlobal
